
Microsoft Visual Studio Solution File, Format Version 12.00
Project("{FAE04EC0-301F-11D3-BF4B-00C04F79EFBC}") = "TangerieTestGame", "TangerieTestGame\TangerieTestGame.csproj", "{F5B85135-5553-4C69-B9B0-2F2AA83605C3}"
EndProject
Project("{FAE04EC0-301F-11D3-BF4B-00C04F79EFBC}") = "Kroton", "Kroton\Kroton.csproj", "{AE2AC850-3033-49A4-8914-7DE4B6E94CBC}"
EndProject
Project("{FAE04EC0-301F-11D3-BF4B-00C04F79EFBC}") = "Descartes", "Descartes\Descartes.csproj", "{5B655BE3-E664-4DD3-8055-C9BBA958F8F5}"
EndProject
Global
	GlobalSection(SolutionConfigurationPlatforms) = preSolution
		Debug|Any CPU = Debug|Any CPU
		Release|Any CPU = Release|Any CPU
	EndGlobalSection
	GlobalSection(ProjectConfigurationPlatforms) = postSolution
		{F5B85135-5553-4C69-B9B0-2F2AA83605C3}.Debug|Any CPU.ActiveCfg = Debug|Any CPU
		{F5B85135-5553-4C69-B9B0-2F2AA83605C3}.Debug|Any CPU.Build.0 = Debug|Any CPU
		{F5B85135-5553-4C69-B9B0-2F2AA83605C3}.Release|Any CPU.ActiveCfg = Release|Any CPU
		{F5B85135-5553-4C69-B9B0-2F2AA83605C3}.Release|Any CPU.Build.0 = Release|Any CPU
		{AE2AC850-3033-49A4-8914-7DE4B6E94CBC}.Debug|Any CPU.ActiveCfg = Debug|Any CPU
		{AE2AC850-3033-49A4-8914-7DE4B6E94CBC}.Debug|Any CPU.Build.0 = Debug|Any CPU
		{AE2AC850-3033-49A4-8914-7DE4B6E94CBC}.Release|Any CPU.ActiveCfg = Release|Any CPU
		{AE2AC850-3033-49A4-8914-7DE4B6E94CBC}.Release|Any CPU.Build.0 = Release|Any CPU
		{5B655BE3-E664-4DD3-8055-C9BBA958F8F5}.Debug|Any CPU.ActiveCfg = Debug|Any CPU
		{5B655BE3-E664-4DD3-8055-C9BBA958F8F5}.Debug|Any CPU.Build.0 = Debug|Any CPU
		{5B655BE3-E664-4DD3-8055-C9BBA958F8F5}.Release|Any CPU.ActiveCfg = Release|Any CPU
		{5B655BE3-E664-4DD3-8055-C9BBA958F8F5}.Release|Any CPU.Build.0 = Release|Any CPU
	EndGlobalSection
EndGlobal
